// !$*UTF8*$!
{
	archiveVersion = 1;
	classes = {
	};
	objectVersion = 56;
	objects = {

/* Begin PBXBuildFile section */
		0C59E1CF29AE5A16004BFA80 /* CreatPasswordVC.xib in Resources */ = {isa = PBXBuildFile; fileRef = 0C59E1C229AE5A16004BFA80 /* CreatPasswordVC.xib */; };
		0C59E1D029AE5A16004BFA80 /* ConfirmationVC.xib in Resources */ = {isa = PBXBuildFile; fileRef = 0C59E1C329AE5A16004BFA80 /* ConfirmationVC.xib */; };
		0C59E1D129AE5A16004BFA80 /* RegistrationVC.xib in Resources */ = {isa = PBXBuildFile; fileRef = 0C59E1C429AE5A16004BFA80 /* RegistrationVC.xib */; };
		0C59E1D229AE5A16004BFA80 /* ForgetPasswordVC.xib in Resources */ = {isa = PBXBuildFile; fileRef = 0C59E1C529AE5A16004BFA80 /* ForgetPasswordVC.xib */; };
		0C59E1D329AE5A16004BFA80 /* ChooseRoleVC.xib in Resources */ = {isa = PBXBuildFile; fileRef = 0C59E1C629AE5A16004BFA80 /* ChooseRoleVC.xib */; };
		0C59E1D429AE5A16004BFA80 /* LoginVC.xib in Resources */ = {isa = PBXBuildFile; fileRef = 0C59E1C729AE5A16004BFA80 /* LoginVC.xib */; };
		0C59E1D529AE5A16004BFA80 /* ForgetPasswordVC.swift in Sources */ = {isa = PBXBuildFile; fileRef = 0C59E1C929AE5A16004BFA80 /* ForgetPasswordVC.swift */; };
		0C59E1D629AE5A16004BFA80 /* RegistrationVC.swift in Sources */ = {isa = PBXBuildFile; fileRef = 0C59E1CA29AE5A16004BFA80 /* RegistrationVC.swift */; };
		0C59E1D729AE5A16004BFA80 /* LoginVC.swift in Sources */ = {isa = PBXBuildFile; fileRef = 0C59E1CB29AE5A16004BFA80 /* LoginVC.swift */; };
		0C59E1D829AE5A16004BFA80 /* ChooseRoleVC.swift in Sources */ = {isa = PBXBuildFile; fileRef = 0C59E1CC29AE5A16004BFA80 /* ChooseRoleVC.swift */; };
		0C59E1D929AE5A16004BFA80 /* ConfirmationVC.swift in Sources */ = {isa = PBXBuildFile; fileRef = 0C59E1CD29AE5A16004BFA80 /* ConfirmationVC.swift */; };
		0C59E1DA29AE5A16004BFA80 /* CreatPasswordVC.swift in Sources */ = {isa = PBXBuildFile; fileRef = 0C59E1CE29AE5A16004BFA80 /* CreatPasswordVC.swift */; };
		0C59E1E929AE5A49004BFA80 /* BookingVC.swift in Sources */ = {isa = PBXBuildFile; fileRef = 0C59E1DD29AE5A49004BFA80 /* BookingVC.swift */; };
		0C59E1EA29AE5A49004BFA80 /* SettingsVC.swift in Sources */ = {isa = PBXBuildFile; fileRef = 0C59E1DE29AE5A49004BFA80 /* SettingsVC.swift */; };
		0C59E1EB29AE5A49004BFA80 /* ProfilVC.swift in Sources */ = {isa = PBXBuildFile; fileRef = 0C59E1DF29AE5A49004BFA80 /* ProfilVC.swift */; };
		0C59E1EC29AE5A49004BFA80 /* ChangeProfilVC.swift in Sources */ = {isa = PBXBuildFile; fileRef = 0C59E1E029AE5A49004BFA80 /* ChangeProfilVC.swift */; };
		0C59E1ED29AE5A49004BFA80 /* images.xcassets in Resources */ = {isa = PBXBuildFile; fileRef = 0C59E1E129AE5A49004BFA80 /* images.xcassets */; };
		0C59E1EE29AE5A49004BFA80 /* ChangeProfilVC.xib in Resources */ = {isa = PBXBuildFile; fileRef = 0C59E1E329AE5A49004BFA80 /* ChangeProfilVC.xib */; };
		0C59E1EF29AE5A49004BFA80 /* SettingsVC.xib in Resources */ = {isa = PBXBuildFile; fileRef = 0C59E1E429AE5A49004BFA80 /* SettingsVC.xib */; };
		0C59E1F029AE5A49004BFA80 /* BookingVC.xib in Resources */ = {isa = PBXBuildFile; fileRef = 0C59E1E529AE5A49004BFA80 /* BookingVC.xib */; };
		0C59E1F129AE5A49004BFA80 /* ProfilVC.xib in Resources */ = {isa = PBXBuildFile; fileRef = 0C59E1E629AE5A49004BFA80 /* ProfilVC.xib */; };
		0C59E1F229AE5A49004BFA80 /* IconTitleIconButton.swift in Sources */ = {isa = PBXBuildFile; fileRef = 0C59E1E829AE5A49004BFA80 /* IconTitleIconButton.swift */; };
		0CC351E229A7B0BF000F96CF /* AppDelegate.swift in Sources */ = {isa = PBXBuildFile; fileRef = 0CC351E129A7B0BF000F96CF /* AppDelegate.swift */; };
		0CC351EB29A7B0C4000F96CF /* Assets.xcassets in Resources */ = {isa = PBXBuildFile; fileRef = 0CC351EA29A7B0C4000F96CF /* Assets.xcassets */; };
		0CC351EE29A7B0C4000F96CF /* LaunchScreen.storyboard in Resources */ = {isa = PBXBuildFile; fileRef = 0CC351EC29A7B0C4000F96CF /* LaunchScreen.storyboard */; };
		2D20018929B0669600F94655 /* DirecionsInfoVC.swift in Sources */ = {isa = PBXBuildFile; fileRef = 2D20018729B0669600F94655 /* DirecionsInfoVC.swift */; };
		2D20018A29B0669600F94655 /* DirecionsInfoVC.xib in Resources */ = {isa = PBXBuildFile; fileRef = 2D20018829B0669600F94655 /* DirecionsInfoVC.xib */; };
		2D4EC5C629AF4A78001FAF36 /* DIrectionsVC.swift in Sources */ = {isa = PBXBuildFile; fileRef = 2D4EC5C429AF4A78001FAF36 /* DIrectionsVC.swift */; };
		2D4EC5C729AF4A78001FAF36 /* DIrectionsVC.xib in Resources */ = {isa = PBXBuildFile; fileRef = 2D4EC5C529AF4A78001FAF36 /* DIrectionsVC.xib */; };
		2D4EC5C929AF5018001FAF36 /* FontModel.swift in Sources */ = {isa = PBXBuildFile; fileRef = 2D4EC5C829AF5018001FAF36 /* FontModel.swift */; };
		2D5C206729B0AE4300FFCBC7 /* SeatsTVC.swift in Sources */ = {isa = PBXBuildFile; fileRef = 2D5C206529B0AE4300FFCBC7 /* SeatsTVC.swift */; };
		2D5C206829B0AE4300FFCBC7 /* SeatsTVC.xib in Resources */ = {isa = PBXBuildFile; fileRef = 2D5C206629B0AE4300FFCBC7 /* SeatsTVC.xib */; };
		2D5C206C29B0B63800FFCBC7 /* SeatCVC.swift in Sources */ = {isa = PBXBuildFile; fileRef = 2D5C206A29B0B63800FFCBC7 /* SeatCVC.swift */; };
		2D5C206D29B0B63800FFCBC7 /* SeatCVC.xib in Resources */ = {isa = PBXBuildFile; fileRef = 2D5C206B29B0B63800FFCBC7 /* SeatCVC.xib */; };
		B94BF1AC29ACFB6100903221 /* VehicleVC.swift in Sources */ = {isa = PBXBuildFile; fileRef = B94BF1AA29ACFB6100903221 /* VehicleVC.swift */; };
		B94BF1AD29ACFB6100903221 /* VehicleVC.xib in Resources */ = {isa = PBXBuildFile; fileRef = B94BF1AB29ACFB6100903221 /* VehicleVC.xib */; };
		B94BF1B029ACFD6000903221 /* VehicleTVC.swift in Sources */ = {isa = PBXBuildFile; fileRef = B94BF1AE29ACFD6000903221 /* VehicleTVC.swift */; };
		B94BF1B129ACFD6000903221 /* VehicleTVC.xib in Resources */ = {isa = PBXBuildFile; fileRef = B94BF1AF29ACFD6000903221 /* VehicleTVC.xib */; };
		B94BF1B429AD0BC000903221 /* InfoVC.swift in Sources */ = {isa = PBXBuildFile; fileRef = B94BF1B229AD0BC000903221 /* InfoVC.swift */; };
		B94BF1B529AD0BC000903221 /* InfoVC.xib in Resources */ = {isa = PBXBuildFile; fileRef = B94BF1B329AD0BC000903221 /* InfoVC.xib */; };
		B9F35F9029A8756E005F72ED /* FirstVC.swift in Sources */ = {isa = PBXBuildFile; fileRef = B9F35F8E29A8756E005F72ED /* FirstVC.swift */; };
		B9F35F9129A8756E005F72ED /* FirstVC.xib in Resources */ = {isa = PBXBuildFile; fileRef = B9F35F8F29A8756E005F72ED /* FirstVC.xib */; };
		B9F35F9329A87827005F72ED /* Classes.swift in Sources */ = {isa = PBXBuildFile; fileRef = B9F35F9229A87827005F72ED /* Classes.swift */; };
		B9F35F9F29A91B42005F72ED /* sf-ui-display-thin.otf in Resources */ = {isa = PBXBuildFile; fileRef = B9F35F9729A91B41005F72ED /* sf-ui-display-thin.otf */; };
		B9F35FA029A91B42005F72ED /* sf-ui-display-bold.otf in Resources */ = {isa = PBXBuildFile; fileRef = B9F35F9829A91B42005F72ED /* sf-ui-display-bold.otf */; };
		B9F35FA129A91B42005F72ED /* sf-ui-display-light.otf in Resources */ = {isa = PBXBuildFile; fileRef = B9F35F9929A91B42005F72ED /* sf-ui-display-light.otf */; };
		B9F35FA229A91B42005F72ED /* sf-ui-display-semibold.otf in Resources */ = {isa = PBXBuildFile; fileRef = B9F35F9A29A91B42005F72ED /* sf-ui-display-semibold.otf */; };
		B9F35FA329A91B42005F72ED /* sf-ui-display-black.otf in Resources */ = {isa = PBXBuildFile; fileRef = B9F35F9B29A91B42005F72ED /* sf-ui-display-black.otf */; };
		B9F35FA429A91B42005F72ED /* sf-ui-display-medium.otf in Resources */ = {isa = PBXBuildFile; fileRef = B9F35F9C29A91B42005F72ED /* sf-ui-display-medium.otf */; };
		B9F35FA529A91B42005F72ED /* sf-ui-display-ultralight.otf in Resources */ = {isa = PBXBuildFile; fileRef = B9F35F9D29A91B42005F72ED /* sf-ui-display-ultralight.otf */; };
		B9F35FA629A91B42005F72ED /* sf-ui-display-heavy.otf in Resources */ = {isa = PBXBuildFile; fileRef = B9F35F9E29A91B42005F72ED /* sf-ui-display-heavy.otf */; };
		B9F35FAA29A93684005F72ED /* DestinationTVC.swift in Sources */ = {isa = PBXBuildFile; fileRef = B9F35FA829A93684005F72ED /* DestinationTVC.swift */; };
		B9F35FAB29A93684005F72ED /* DestinationTVC.xib in Resources */ = {isa = PBXBuildFile; fileRef = B9F35FA929A93684005F72ED /* DestinationTVC.xib */; };
		B9F35FAE29A93FE9005F72ED /* ManzilDM.swift in Sources */ = {isa = PBXBuildFile; fileRef = B9F35FAD29A93FE9005F72ED /* ManzilDM.swift */; };
		B9F35FB129A94468005F72ED /* SelectDestinationVC.swift in Sources */ = {isa = PBXBuildFile; fileRef = B9F35FAF29A94468005F72ED /* SelectDestinationVC.swift */; };
		B9F35FB229A94468005F72ED /* SelectDestinationVC.xib in Resources */ = {isa = PBXBuildFile; fileRef = B9F35FB029A94468005F72ED /* SelectDestinationVC.xib */; };
		B9F35FB429A947F3005F72ED /* sf-ui-display-regular.otf in Resources */ = {isa = PBXBuildFile; fileRef = B9F35FB329A947BF005F72ED /* sf-ui-display-regular.otf */; };
		B9FF4BE829AE436200EA7EEC /* InfoTVC.swift in Sources */ = {isa = PBXBuildFile; fileRef = B9FF4BE629AE436200EA7EEC /* InfoTVC.swift */; };
		B9FF4BE929AE436200EA7EEC /* InfoTVC.xib in Resources */ = {isa = PBXBuildFile; fileRef = B9FF4BE729AE436200EA7EEC /* InfoTVC.xib */; };
		B9FF4BEC29AE438700EA7EEC /* InfoCarTVC.swift in Sources */ = {isa = PBXBuildFile; fileRef = B9FF4BEA29AE438700EA7EEC /* InfoCarTVC.swift */; };
		B9FF4BED29AE438700EA7EEC /* InfoCarTVC.xib in Resources */ = {isa = PBXBuildFile; fileRef = B9FF4BEB29AE438700EA7EEC /* InfoCarTVC.xib */; };
		B9FF4BF029AE439D00EA7EEC /* InfoSeatsTVC.swift in Sources */ = {isa = PBXBuildFile; fileRef = B9FF4BEE29AE439D00EA7EEC /* InfoSeatsTVC.swift */; };
		B9FF4BF129AE439D00EA7EEC /* InfoSeatsTVC.xib in Resources */ = {isa = PBXBuildFile; fileRef = B9FF4BEF29AE439D00EA7EEC /* InfoSeatsTVC.xib */; };
		FF4E1FAF793B4B46F2B2F104 /* Pods_ManzilProject.framework in Frameworks */ = {isa = PBXBuildFile; fileRef = 96CED81BD6F78A8E55B96965 /* Pods_ManzilProject.framework */; };
/* End PBXBuildFile section */

/* Begin PBXFileReference section */
		0C59E1C229AE5A16004BFA80 /* CreatPasswordVC.xib */ = {isa = PBXFileReference; fileEncoding = 4; lastKnownFileType = file.xib; path = CreatPasswordVC.xib; sourceTree = "<group>"; };
		0C59E1C329AE5A16004BFA80 /* ConfirmationVC.xib */ = {isa = PBXFileReference; fileEncoding = 4; lastKnownFileType = file.xib; path = ConfirmationVC.xib; sourceTree = "<group>"; };
		0C59E1C429AE5A16004BFA80 /* RegistrationVC.xib */ = {isa = PBXFileReference; fileEncoding = 4; lastKnownFileType = file.xib; path = RegistrationVC.xib; sourceTree = "<group>"; };
		0C59E1C529AE5A16004BFA80 /* ForgetPasswordVC.xib */ = {isa = PBXFileReference; fileEncoding = 4; lastKnownFileType = file.xib; path = ForgetPasswordVC.xib; sourceTree = "<group>"; };
		0C59E1C629AE5A16004BFA80 /* ChooseRoleVC.xib */ = {isa = PBXFileReference; fileEncoding = 4; lastKnownFileType = file.xib; path = ChooseRoleVC.xib; sourceTree = "<group>"; };
		0C59E1C729AE5A16004BFA80 /* LoginVC.xib */ = {isa = PBXFileReference; fileEncoding = 4; lastKnownFileType = file.xib; path = LoginVC.xib; sourceTree = "<group>"; };
		0C59E1C929AE5A16004BFA80 /* ForgetPasswordVC.swift */ = {isa = PBXFileReference; fileEncoding = 4; lastKnownFileType = sourcecode.swift; path = ForgetPasswordVC.swift; sourceTree = "<group>"; };
		0C59E1CA29AE5A16004BFA80 /* RegistrationVC.swift */ = {isa = PBXFileReference; fileEncoding = 4; lastKnownFileType = sourcecode.swift; path = RegistrationVC.swift; sourceTree = "<group>"; };
		0C59E1CB29AE5A16004BFA80 /* LoginVC.swift */ = {isa = PBXFileReference; fileEncoding = 4; lastKnownFileType = sourcecode.swift; path = LoginVC.swift; sourceTree = "<group>"; };
		0C59E1CC29AE5A16004BFA80 /* ChooseRoleVC.swift */ = {isa = PBXFileReference; fileEncoding = 4; lastKnownFileType = sourcecode.swift; path = ChooseRoleVC.swift; sourceTree = "<group>"; };
		0C59E1CD29AE5A16004BFA80 /* ConfirmationVC.swift */ = {isa = PBXFileReference; fileEncoding = 4; lastKnownFileType = sourcecode.swift; path = ConfirmationVC.swift; sourceTree = "<group>"; };
		0C59E1CE29AE5A16004BFA80 /* CreatPasswordVC.swift */ = {isa = PBXFileReference; fileEncoding = 4; lastKnownFileType = sourcecode.swift; path = CreatPasswordVC.swift; sourceTree = "<group>"; };
		0C59E1DD29AE5A49004BFA80 /* BookingVC.swift */ = {isa = PBXFileReference; fileEncoding = 4; lastKnownFileType = sourcecode.swift; path = BookingVC.swift; sourceTree = "<group>"; };
		0C59E1DE29AE5A49004BFA80 /* SettingsVC.swift */ = {isa = PBXFileReference; fileEncoding = 4; lastKnownFileType = sourcecode.swift; path = SettingsVC.swift; sourceTree = "<group>"; };
		0C59E1DF29AE5A49004BFA80 /* ProfilVC.swift */ = {isa = PBXFileReference; fileEncoding = 4; lastKnownFileType = sourcecode.swift; path = ProfilVC.swift; sourceTree = "<group>"; };
		0C59E1E029AE5A49004BFA80 /* ChangeProfilVC.swift */ = {isa = PBXFileReference; fileEncoding = 4; lastKnownFileType = sourcecode.swift; path = ChangeProfilVC.swift; sourceTree = "<group>"; };
		0C59E1E129AE5A49004BFA80 /* images.xcassets */ = {isa = PBXFileReference; lastKnownFileType = folder.assetcatalog; path = images.xcassets; sourceTree = "<group>"; };
		0C59E1E329AE5A49004BFA80 /* ChangeProfilVC.xib */ = {isa = PBXFileReference; fileEncoding = 4; lastKnownFileType = file.xib; path = ChangeProfilVC.xib; sourceTree = "<group>"; };
		0C59E1E429AE5A49004BFA80 /* SettingsVC.xib */ = {isa = PBXFileReference; fileEncoding = 4; lastKnownFileType = file.xib; path = SettingsVC.xib; sourceTree = "<group>"; };
		0C59E1E529AE5A49004BFA80 /* BookingVC.xib */ = {isa = PBXFileReference; fileEncoding = 4; lastKnownFileType = file.xib; path = BookingVC.xib; sourceTree = "<group>"; };
		0C59E1E629AE5A49004BFA80 /* ProfilVC.xib */ = {isa = PBXFileReference; fileEncoding = 4; lastKnownFileType = file.xib; path = ProfilVC.xib; sourceTree = "<group>"; };
		0C59E1E829AE5A49004BFA80 /* IconTitleIconButton.swift */ = {isa = PBXFileReference; fileEncoding = 4; lastKnownFileType = sourcecode.swift; path = IconTitleIconButton.swift; sourceTree = "<group>"; };
		0CC351DE29A7B0BF000F96CF /* ManzilProject.app */ = {isa = PBXFileReference; explicitFileType = wrapper.application; includeInIndex = 0; path = ManzilProject.app; sourceTree = BUILT_PRODUCTS_DIR; };
		0CC351E129A7B0BF000F96CF /* AppDelegate.swift */ = {isa = PBXFileReference; lastKnownFileType = sourcecode.swift; path = AppDelegate.swift; sourceTree = "<group>"; };
		0CC351EA29A7B0C4000F96CF /* Assets.xcassets */ = {isa = PBXFileReference; lastKnownFileType = folder.assetcatalog; path = Assets.xcassets; sourceTree = "<group>"; };
		0CC351ED29A7B0C4000F96CF /* Base */ = {isa = PBXFileReference; lastKnownFileType = file.storyboard; name = Base; path = Base.lproj/LaunchScreen.storyboard; sourceTree = "<group>"; };
		0CC351EF29A7B0C4000F96CF /* Info.plist */ = {isa = PBXFileReference; lastKnownFileType = text.plist.xml; path = Info.plist; sourceTree = "<group>"; };
		2D20018729B0669600F94655 /* DirecionsInfoVC.swift */ = {isa = PBXFileReference; lastKnownFileType = sourcecode.swift; path = DirecionsInfoVC.swift; sourceTree = "<group>"; };
		2D20018829B0669600F94655 /* DirecionsInfoVC.xib */ = {isa = PBXFileReference; lastKnownFileType = file.xib; path = DirecionsInfoVC.xib; sourceTree = "<group>"; };
		2D4EC5C429AF4A78001FAF36 /* DIrectionsVC.swift */ = {isa = PBXFileReference; lastKnownFileType = sourcecode.swift; path = DIrectionsVC.swift; sourceTree = "<group>"; };
		2D4EC5C529AF4A78001FAF36 /* DIrectionsVC.xib */ = {isa = PBXFileReference; lastKnownFileType = file.xib; path = DIrectionsVC.xib; sourceTree = "<group>"; };
		2D4EC5C829AF5018001FAF36 /* FontModel.swift */ = {isa = PBXFileReference; lastKnownFileType = sourcecode.swift; path = FontModel.swift; sourceTree = "<group>"; };
		2D5C206529B0AE4300FFCBC7 /* SeatsTVC.swift */ = {isa = PBXFileReference; lastKnownFileType = sourcecode.swift; path = SeatsTVC.swift; sourceTree = "<group>"; };
		2D5C206629B0AE4300FFCBC7 /* SeatsTVC.xib */ = {isa = PBXFileReference; lastKnownFileType = file.xib; path = SeatsTVC.xib; sourceTree = "<group>"; };
		2D5C206A29B0B63800FFCBC7 /* SeatCVC.swift */ = {isa = PBXFileReference; lastKnownFileType = sourcecode.swift; path = SeatCVC.swift; sourceTree = "<group>"; };
		2D5C206B29B0B63800FFCBC7 /* SeatCVC.xib */ = {isa = PBXFileReference; lastKnownFileType = file.xib; path = SeatCVC.xib; sourceTree = "<group>"; };
		51D5F5180D27946373A80FA6 /* Pods-ManzilProject.debug.xcconfig */ = {isa = PBXFileReference; includeInIndex = 1; lastKnownFileType = text.xcconfig; name = "Pods-ManzilProject.debug.xcconfig"; path = "Target Support Files/Pods-ManzilProject/Pods-ManzilProject.debug.xcconfig"; sourceTree = "<group>"; };
		96CED81BD6F78A8E55B96965 /* Pods_ManzilProject.framework */ = {isa = PBXFileReference; explicitFileType = wrapper.framework; includeInIndex = 0; path = Pods_ManzilProject.framework; sourceTree = BUILT_PRODUCTS_DIR; };
		B94BF1AA29ACFB6100903221 /* VehicleVC.swift */ = {isa = PBXFileReference; lastKnownFileType = sourcecode.swift; path = VehicleVC.swift; sourceTree = "<group>"; };
		B94BF1AB29ACFB6100903221 /* VehicleVC.xib */ = {isa = PBXFileReference; lastKnownFileType = file.xib; path = VehicleVC.xib; sourceTree = "<group>"; };
		B94BF1AE29ACFD6000903221 /* VehicleTVC.swift */ = {isa = PBXFileReference; lastKnownFileType = sourcecode.swift; path = VehicleTVC.swift; sourceTree = "<group>"; };
		B94BF1AF29ACFD6000903221 /* VehicleTVC.xib */ = {isa = PBXFileReference; lastKnownFileType = file.xib; path = VehicleTVC.xib; sourceTree = "<group>"; };
		B94BF1B229AD0BC000903221 /* InfoVC.swift */ = {isa = PBXFileReference; lastKnownFileType = sourcecode.swift; path = InfoVC.swift; sourceTree = "<group>"; };
		B94BF1B329AD0BC000903221 /* InfoVC.xib */ = {isa = PBXFileReference; lastKnownFileType = file.xib; path = InfoVC.xib; sourceTree = "<group>"; };
		B9F35F8E29A8756E005F72ED /* FirstVC.swift */ = {isa = PBXFileReference; lastKnownFileType = sourcecode.swift; path = FirstVC.swift; sourceTree = "<group>"; };
		B9F35F8F29A8756E005F72ED /* FirstVC.xib */ = {isa = PBXFileReference; lastKnownFileType = file.xib; path = FirstVC.xib; sourceTree = "<group>"; };
		B9F35F9229A87827005F72ED /* Classes.swift */ = {isa = PBXFileReference; lastKnownFileType = sourcecode.swift; path = Classes.swift; sourceTree = "<group>"; };
		B9F35F9729A91B41005F72ED /* sf-ui-display-thin.otf */ = {isa = PBXFileReference; lastKnownFileType = file; path = "sf-ui-display-thin.otf"; sourceTree = "<group>"; };
		B9F35F9829A91B42005F72ED /* sf-ui-display-bold.otf */ = {isa = PBXFileReference; lastKnownFileType = file; path = "sf-ui-display-bold.otf"; sourceTree = "<group>"; };
		B9F35F9929A91B42005F72ED /* sf-ui-display-light.otf */ = {isa = PBXFileReference; lastKnownFileType = file; path = "sf-ui-display-light.otf"; sourceTree = "<group>"; };
		B9F35F9A29A91B42005F72ED /* sf-ui-display-semibold.otf */ = {isa = PBXFileReference; lastKnownFileType = file; path = "sf-ui-display-semibold.otf"; sourceTree = "<group>"; };
		B9F35F9B29A91B42005F72ED /* sf-ui-display-black.otf */ = {isa = PBXFileReference; lastKnownFileType = file; path = "sf-ui-display-black.otf"; sourceTree = "<group>"; };
		B9F35F9C29A91B42005F72ED /* sf-ui-display-medium.otf */ = {isa = PBXFileReference; lastKnownFileType = file; path = "sf-ui-display-medium.otf"; sourceTree = "<group>"; };
		B9F35F9D29A91B42005F72ED /* sf-ui-display-ultralight.otf */ = {isa = PBXFileReference; lastKnownFileType = file; path = "sf-ui-display-ultralight.otf"; sourceTree = "<group>"; };
		B9F35F9E29A91B42005F72ED /* sf-ui-display-heavy.otf */ = {isa = PBXFileReference; lastKnownFileType = file; path = "sf-ui-display-heavy.otf"; sourceTree = "<group>"; };
		B9F35FA829A93684005F72ED /* DestinationTVC.swift */ = {isa = PBXFileReference; lastKnownFileType = sourcecode.swift; path = DestinationTVC.swift; sourceTree = "<group>"; };
		B9F35FA929A93684005F72ED /* DestinationTVC.xib */ = {isa = PBXFileReference; lastKnownFileType = file.xib; path = DestinationTVC.xib; sourceTree = "<group>"; };
		B9F35FAD29A93FE9005F72ED /* ManzilDM.swift */ = {isa = PBXFileReference; lastKnownFileType = sourcecode.swift; path = ManzilDM.swift; sourceTree = "<group>"; };
		B9F35FAF29A94468005F72ED /* SelectDestinationVC.swift */ = {isa = PBXFileReference; lastKnownFileType = sourcecode.swift; path = SelectDestinationVC.swift; sourceTree = "<group>"; };
		B9F35FB029A94468005F72ED /* SelectDestinationVC.xib */ = {isa = PBXFileReference; lastKnownFileType = file.xib; path = SelectDestinationVC.xib; sourceTree = "<group>"; };
		B9F35FB329A947BF005F72ED /* sf-ui-display-regular.otf */ = {isa = PBXFileReference; lastKnownFileType = file; path = "sf-ui-display-regular.otf"; sourceTree = "<group>"; };
		B9FF4BE629AE436200EA7EEC /* InfoTVC.swift */ = {isa = PBXFileReference; lastKnownFileType = sourcecode.swift; path = InfoTVC.swift; sourceTree = "<group>"; };
		B9FF4BE729AE436200EA7EEC /* InfoTVC.xib */ = {isa = PBXFileReference; lastKnownFileType = file.xib; path = InfoTVC.xib; sourceTree = "<group>"; };
		B9FF4BEA29AE438700EA7EEC /* InfoCarTVC.swift */ = {isa = PBXFileReference; lastKnownFileType = sourcecode.swift; path = InfoCarTVC.swift; sourceTree = "<group>"; };
		B9FF4BEB29AE438700EA7EEC /* InfoCarTVC.xib */ = {isa = PBXFileReference; lastKnownFileType = file.xib; path = InfoCarTVC.xib; sourceTree = "<group>"; };
		B9FF4BEE29AE439D00EA7EEC /* InfoSeatsTVC.swift */ = {isa = PBXFileReference; lastKnownFileType = sourcecode.swift; path = InfoSeatsTVC.swift; sourceTree = "<group>"; };
		B9FF4BEF29AE439D00EA7EEC /* InfoSeatsTVC.xib */ = {isa = PBXFileReference; lastKnownFileType = file.xib; path = InfoSeatsTVC.xib; sourceTree = "<group>"; };
		C6B8228D6FDD722DD68B9608 /* Pods-ManzilProject.release.xcconfig */ = {isa = PBXFileReference; includeInIndex = 1; lastKnownFileType = text.xcconfig; name = "Pods-ManzilProject.release.xcconfig"; path = "Target Support Files/Pods-ManzilProject/Pods-ManzilProject.release.xcconfig"; sourceTree = "<group>"; };
/* End PBXFileReference section */

/* Begin PBXFrameworksBuildPhase section */
		0CC351DB29A7B0BF000F96CF /* Frameworks */ = {
			isa = PBXFrameworksBuildPhase;
			buildActionMask = 2147483647;
			files = (
				FF4E1FAF793B4B46F2B2F104 /* Pods_ManzilProject.framework in Frameworks */,
			);
			runOnlyForDeploymentPostprocessing = 0;
		};
/* End PBXFrameworksBuildPhase section */

/* Begin PBXGroup section */
		0C59E1C029AE5A16004BFA80 /* Sarvar */ = {
			isa = PBXGroup;
			children = (
				0C59E1C129AE5A16004BFA80 /* Vews */,
				0C59E1C829AE5A16004BFA80 /* Controllers */,
			);
			path = Sarvar;
			sourceTree = "<group>";
		};
		0C59E1C129AE5A16004BFA80 /* Vews */ = {
			isa = PBXGroup;
			children = (
				0C59E1C229AE5A16004BFA80 /* CreatPasswordVC.xib */,
				0C59E1C329AE5A16004BFA80 /* ConfirmationVC.xib */,
				0C59E1C429AE5A16004BFA80 /* RegistrationVC.xib */,
				0C59E1C529AE5A16004BFA80 /* ForgetPasswordVC.xib */,
				0C59E1C629AE5A16004BFA80 /* ChooseRoleVC.xib */,
				0C59E1C729AE5A16004BFA80 /* LoginVC.xib */,
			);
			path = Vews;
			sourceTree = "<group>";
		};
		0C59E1C829AE5A16004BFA80 /* Controllers */ = {
			isa = PBXGroup;
			children = (
				0C59E1C929AE5A16004BFA80 /* ForgetPasswordVC.swift */,
				0C59E1CA29AE5A16004BFA80 /* RegistrationVC.swift */,
				0C59E1CB29AE5A16004BFA80 /* LoginVC.swift */,
				0C59E1CC29AE5A16004BFA80 /* ChooseRoleVC.swift */,
				0C59E1CD29AE5A16004BFA80 /* ConfirmationVC.swift */,
				0C59E1CE29AE5A16004BFA80 /* CreatPasswordVC.swift */,
			);
			path = Controllers;
			sourceTree = "<group>";
		};
		0C59E1DB29AE5A49004BFA80 /* O'lmasbek */ = {
			isa = PBXGroup;
			children = (
				2D4EC5C129AF46F0001FAF36 /* Driver */,
				2D4EC5CB29AF523C001FAF36 /* Models */,
				0C59E1E229AE5A49004BFA80 /* View */,
				0C59E1DC29AE5A49004BFA80 /* Controller */,
				0C59E1E729AE5A49004BFA80 /* HelperComponents */,
				0C59E1E129AE5A49004BFA80 /* images.xcassets */,
			);
			path = "O'lmasbek";
			sourceTree = "<group>";
		};
		0C59E1DC29AE5A49004BFA80 /* Controller */ = {
			isa = PBXGroup;
			children = (
				0C59E1DF29AE5A49004BFA80 /* ProfilVC.swift */,
				0C59E1E029AE5A49004BFA80 /* ChangeProfilVC.swift */,
				0C59E1DD29AE5A49004BFA80 /* BookingVC.swift */,
				0C59E1DE29AE5A49004BFA80 /* SettingsVC.swift */,
			);
			path = Controller;
			sourceTree = "<group>";
		};
		0C59E1E229AE5A49004BFA80 /* View */ = {
			isa = PBXGroup;
			children = (
				0C59E1E629AE5A49004BFA80 /* ProfilVC.xib */,
				0C59E1E329AE5A49004BFA80 /* ChangeProfilVC.xib */,
				0C59E1E529AE5A49004BFA80 /* BookingVC.xib */,
				0C59E1E429AE5A49004BFA80 /* SettingsVC.xib */,
			);
			path = View;
			sourceTree = "<group>";
		};
		0C59E1E729AE5A49004BFA80 /* HelperComponents */ = {
			isa = PBXGroup;
			children = (
				0C59E1E829AE5A49004BFA80 /* IconTitleIconButton.swift */,
			);
			path = HelperComponents;
			sourceTree = "<group>";
		};
		0CC351D529A7B0BF000F96CF = {
			isa = PBXGroup;
			children = (
				0CC351E029A7B0BF000F96CF /* ManzilProject */,
				0CC351DF29A7B0BF000F96CF /* Products */,
				D227E0F571515C1FF38133F8 /* Pods */,
				D0C4AC7FC19C87855B10FD10 /* Frameworks */,
			);
			sourceTree = "<group>";
		};
		0CC351DF29A7B0BF000F96CF /* Products */ = {
			isa = PBXGroup;
			children = (
				0CC351DE29A7B0BF000F96CF /* ManzilProject.app */,
			);
			name = Products;
			sourceTree = "<group>";
		};
		0CC351E029A7B0BF000F96CF /* ManzilProject */ = {
			isa = PBXGroup;
			children = (
				0CC351E129A7B0BF000F96CF /* AppDelegate.swift */,
				B9F35F9629A91B26005F72ED /* Fonts */,
				0C59E1DB29AE5A49004BFA80 /* O'lmasbek */,
				0C59E1C029AE5A16004BFA80 /* Sarvar */,
				B9F35F8D29A874E2005F72ED /* Islom */,
				0CC351EA29A7B0C4000F96CF /* Assets.xcassets */,
				0CC351EC29A7B0C4000F96CF /* LaunchScreen.storyboard */,
				0CC351EF29A7B0C4000F96CF /* Info.plist */,
			);
			path = ManzilProject;
			sourceTree = "<group>";
		};
		2D4EC5C129AF46F0001FAF36 /* Driver */ = {
			isa = PBXGroup;
			children = (
				2D5C206029B0ADA200FFCBC7 /* TableViewCell */,
				2D5C206929B0B5FC00FFCBC7 /* CollectionVIewCell */,
				2D4EC5C329AF470A001FAF36 /* Controller */,
				2D4EC5C229AF46F8001FAF36 /* View */,
			);
			path = Driver;
			sourceTree = "<group>";
		};
		2D4EC5C229AF46F8001FAF36 /* View */ = {
			isa = PBXGroup;
			children = (
				2D4EC5C529AF4A78001FAF36 /* DIrectionsVC.xib */,
				2D20018829B0669600F94655 /* DirecionsInfoVC.xib */,
			);
			path = View;
			sourceTree = "<group>";
		};
		2D4EC5C329AF470A001FAF36 /* Controller */ = {
			isa = PBXGroup;
			children = (
				2D4EC5C429AF4A78001FAF36 /* DIrectionsVC.swift */,
				2D20018729B0669600F94655 /* DirecionsInfoVC.swift */,
			);
			path = Controller;
			sourceTree = "<group>";
		};
		2D4EC5CB29AF523C001FAF36 /* Models */ = {
			isa = PBXGroup;
			children = (
				2D4EC5C829AF5018001FAF36 /* FontModel.swift */,
			);
			path = Models;
			sourceTree = "<group>";
		};
		2D5C206029B0ADA200FFCBC7 /* TableViewCell */ = {
			isa = PBXGroup;
			children = (
				2D5C206529B0AE4300FFCBC7 /* SeatsTVC.swift */,
				2D5C206629B0AE4300FFCBC7 /* SeatsTVC.xib */,
			);
			path = TableViewCell;
			sourceTree = "<group>";
		};
		2D5C206929B0B5FC00FFCBC7 /* CollectionVIewCell */ = {
			isa = PBXGroup;
			children = (
				2D5C206A29B0B63800FFCBC7 /* SeatCVC.swift */,
				2D5C206B29B0B63800FFCBC7 /* SeatCVC.xib */,
			);
			path = CollectionVIewCell;
			sourceTree = "<group>";
		};
		B94BF1B629AE257200903221 /* View */ = {
			isa = PBXGroup;
			children = (
				B94BF1B829AE259B00903221 /* VC */,
				B9F35FA729A93651005F72ED /* TVC */,
			);
			path = View;
			sourceTree = "<group>";
		};
		B94BF1B729AE257800903221 /* Controller */ = {
			isa = PBXGroup;
			children = (
				B94BF1BA29AE25AC00903221 /* VC */,
				B94BF1BB29AE25B200903221 /* TVC */,
			);
			path = Controller;
			sourceTree = "<group>";
		};
		B94BF1B829AE259B00903221 /* VC */ = {
			isa = PBXGroup;
			children = (
				B9F35F8F29A8756E005F72ED /* FirstVC.xib */,
				B9F35FB029A94468005F72ED /* SelectDestinationVC.xib */,
				B94BF1AB29ACFB6100903221 /* VehicleVC.xib */,
				B94BF1B329AD0BC000903221 /* InfoVC.xib */,
			);
			path = VC;
			sourceTree = "<group>";
		};
		B94BF1BA29AE25AC00903221 /* VC */ = {
			isa = PBXGroup;
			children = (
				B9F35F8E29A8756E005F72ED /* FirstVC.swift */,
				B9F35FAF29A94468005F72ED /* SelectDestinationVC.swift */,
				B94BF1AA29ACFB6100903221 /* VehicleVC.swift */,
				B94BF1B229AD0BC000903221 /* InfoVC.swift */,
			);
			path = VC;
			sourceTree = "<group>";
		};
		B94BF1BB29AE25B200903221 /* TVC */ = {
			isa = PBXGroup;
			children = (
				B9F35FA829A93684005F72ED /* DestinationTVC.swift */,
				B94BF1AE29ACFD6000903221 /* VehicleTVC.swift */,
				B9FF4BE629AE436200EA7EEC /* InfoTVC.swift */,
				B9FF4BEA29AE438700EA7EEC /* InfoCarTVC.swift */,
				B9FF4BEE29AE439D00EA7EEC /* InfoSeatsTVC.swift */,
			);
			path = TVC;
			sourceTree = "<group>";
		};
		B9F35F8D29A874E2005F72ED /* Islom */ = {
			isa = PBXGroup;
			children = (
				B9F35FAC29A93FC4005F72ED /* Model */,
				B94BF1B629AE257200903221 /* View */,
				B94BF1B729AE257800903221 /* Controller */,
				B9FF4BE529AE267000EA7EEC /* Helpers */,
			);
			path = Islom;
			sourceTree = "<group>";
		};
		B9F35F9629A91B26005F72ED /* Fonts */ = {
			isa = PBXGroup;
			children = (
				B9F35F9B29A91B42005F72ED /* sf-ui-display-black.otf */,
				B9F35F9829A91B42005F72ED /* sf-ui-display-bold.otf */,
				B9F35F9E29A91B42005F72ED /* sf-ui-display-heavy.otf */,
				B9F35F9929A91B42005F72ED /* sf-ui-display-light.otf */,
				B9F35F9C29A91B42005F72ED /* sf-ui-display-medium.otf */,
				B9F35F9A29A91B42005F72ED /* sf-ui-display-semibold.otf */,
				B9F35F9729A91B41005F72ED /* sf-ui-display-thin.otf */,
				B9F35F9D29A91B42005F72ED /* sf-ui-display-ultralight.otf */,
				B9F35FB329A947BF005F72ED /* sf-ui-display-regular.otf */,
			);
			path = Fonts;
			sourceTree = "<group>";
		};
		B9F35FA729A93651005F72ED /* TVC */ = {
			isa = PBXGroup;
			children = (
				B94BF1AF29ACFD6000903221 /* VehicleTVC.xib */,
				B9F35FA929A93684005F72ED /* DestinationTVC.xib */,
				B9FF4BE729AE436200EA7EEC /* InfoTVC.xib */,
				B9FF4BEB29AE438700EA7EEC /* InfoCarTVC.xib */,
				B9FF4BEF29AE439D00EA7EEC /* InfoSeatsTVC.xib */,
			);
			path = TVC;
			sourceTree = "<group>";
		};
		B9F35FAC29A93FC4005F72ED /* Model */ = {
			isa = PBXGroup;
			children = (
				B9F35FAD29A93FE9005F72ED /* ManzilDM.swift */,
			);
			path = Model;
			sourceTree = "<group>";
		};
		B9FF4BE529AE267000EA7EEC /* Helpers */ = {
			isa = PBXGroup;
			children = (
				B9F35F9229A87827005F72ED /* Classes.swift */,
			);
			path = Helpers;
			sourceTree = "<group>";
		};
		D0C4AC7FC19C87855B10FD10 /* Frameworks */ = {
			isa = PBXGroup;
			children = (
				96CED81BD6F78A8E55B96965 /* Pods_ManzilProject.framework */,
			);
			name = Frameworks;
			sourceTree = "<group>";
		};
		D227E0F571515C1FF38133F8 /* Pods */ = {
			isa = PBXGroup;
			children = (
				51D5F5180D27946373A80FA6 /* Pods-ManzilProject.debug.xcconfig */,
				C6B8228D6FDD722DD68B9608 /* Pods-ManzilProject.release.xcconfig */,
			);
			path = Pods;
			sourceTree = "<group>";
		};
/* End PBXGroup section */

/* Begin PBXNativeTarget section */
		0CC351DD29A7B0BF000F96CF /* ManzilProject */ = {
			isa = PBXNativeTarget;
			buildConfigurationList = 0CC351F229A7B0C4000F96CF /* Build configuration list for PBXNativeTarget "ManzilProject" */;
			buildPhases = (
				C269B8B9C6832854B4B4AEB4 /* [CP] Check Pods Manifest.lock */,
				0CC351DA29A7B0BF000F96CF /* Sources */,
				0CC351DB29A7B0BF000F96CF /* Frameworks */,
				0CC351DC29A7B0BF000F96CF /* Resources */,
				6CCCF4D06566572D550009E5 /* [CP] Embed Pods Frameworks */,
			);
			buildRules = (
			);
			dependencies = (
			);
			name = ManzilProject;
			productName = ManzilProject;
			productReference = 0CC351DE29A7B0BF000F96CF /* ManzilProject.app */;
			productType = "com.apple.product-type.application";
		};
/* End PBXNativeTarget section */

/* Begin PBXProject section */
		0CC351D629A7B0BF000F96CF /* Project object */ = {
			isa = PBXProject;
			attributes = {
				BuildIndependentTargetsInParallel = 1;
				LastSwiftUpdateCheck = 1420;
				LastUpgradeCheck = 1420;
				TargetAttributes = {
					0CC351DD29A7B0BF000F96CF = {
						CreatedOnToolsVersion = 14.2;
					};
				};
			};
			buildConfigurationList = 0CC351D929A7B0BF000F96CF /* Build configuration list for PBXProject "ManzilProject" */;
			compatibilityVersion = "Xcode 14.0";
			developmentRegion = en;
			hasScannedForEncodings = 0;
			knownRegions = (
				en,
				Base,
			);
			mainGroup = 0CC351D529A7B0BF000F96CF;
			productRefGroup = 0CC351DF29A7B0BF000F96CF /* Products */;
			projectDirPath = "";
			projectRoot = "";
			targets = (
				0CC351DD29A7B0BF000F96CF /* ManzilProject */,
			);
		};
/* End PBXProject section */

/* Begin PBXResourcesBuildPhase section */
		0CC351DC29A7B0BF000F96CF /* Resources */ = {
			isa = PBXResourcesBuildPhase;
			buildActionMask = 2147483647;
			files = (
				0C59E1EF29AE5A49004BFA80 /* SettingsVC.xib in Resources */,
				B9F35FA629A91B42005F72ED /* sf-ui-display-heavy.otf in Resources */,
				0C59E1F129AE5A49004BFA80 /* ProfilVC.xib in Resources */,
				B94BF1B129ACFD6000903221 /* VehicleTVC.xib in Resources */,
				B9F35F9F29A91B42005F72ED /* sf-ui-display-thin.otf in Resources */,
				0C59E1D229AE5A16004BFA80 /* ForgetPasswordVC.xib in Resources */,
				B9F35FA529A91B42005F72ED /* sf-ui-display-ultralight.otf in Resources */,
				B9F35FA429A91B42005F72ED /* sf-ui-display-medium.otf in Resources */,
				0C59E1D329AE5A16004BFA80 /* ChooseRoleVC.xib in Resources */,
				B9F35FB229A94468005F72ED /* SelectDestinationVC.xib in Resources */,
				2D5C206D29B0B63800FFCBC7 /* SeatCVC.xib in Resources */,
				0C59E1D129AE5A16004BFA80 /* RegistrationVC.xib in Resources */,
				B9F35FA129A91B42005F72ED /* sf-ui-display-light.otf in Resources */,
				B9FF4BE929AE436200EA7EEC /* InfoTVC.xib in Resources */,
				2D20018A29B0669600F94655 /* DirecionsInfoVC.xib in Resources */,
				2D5C206829B0AE4300FFCBC7 /* SeatsTVC.xib in Resources */,
				B94BF1AD29ACFB6100903221 /* VehicleVC.xib in Resources */,
				2D4EC5C729AF4A78001FAF36 /* DIrectionsVC.xib in Resources */,
				0C59E1ED29AE5A49004BFA80 /* images.xcassets in Resources */,
				B9F35FA229A91B42005F72ED /* sf-ui-display-semibold.otf in Resources */,
				0C59E1D029AE5A16004BFA80 /* ConfirmationVC.xib in Resources */,
				0C59E1D429AE5A16004BFA80 /* LoginVC.xib in Resources */,
				B9F35FB429A947F3005F72ED /* sf-ui-display-regular.otf in Resources */,
				B9F35FAB29A93684005F72ED /* DestinationTVC.xib in Resources */,
				B94BF1B529AD0BC000903221 /* InfoVC.xib in Resources */,
				B9FF4BF129AE439D00EA7EEC /* InfoSeatsTVC.xib in Resources */,
				0C59E1CF29AE5A16004BFA80 /* CreatPasswordVC.xib in Resources */,
				0C59E1F029AE5A49004BFA80 /* BookingVC.xib in Resources */,
				B9FF4BED29AE438700EA7EEC /* InfoCarTVC.xib in Resources */,
				B9F35FA029A91B42005F72ED /* sf-ui-display-bold.otf in Resources */,
				B9F35FA329A91B42005F72ED /* sf-ui-display-black.otf in Resources */,
				B9F35F9129A8756E005F72ED /* FirstVC.xib in Resources */,
				0CC351EE29A7B0C4000F96CF /* LaunchScreen.storyboard in Resources */,
				0C59E1EE29AE5A49004BFA80 /* ChangeProfilVC.xib in Resources */,
				0CC351EB29A7B0C4000F96CF /* Assets.xcassets in Resources */,
			);
			runOnlyForDeploymentPostprocessing = 0;
		};
/* End PBXResourcesBuildPhase section */

/* Begin PBXShellScriptBuildPhase section */
		6CCCF4D06566572D550009E5 /* [CP] Embed Pods Frameworks */ = {
			isa = PBXShellScriptBuildPhase;
			buildActionMask = 2147483647;
			files = (
			);
			inputFileListPaths = (
				"${PODS_ROOT}/Target Support Files/Pods-ManzilProject/Pods-ManzilProject-frameworks-${CONFIGURATION}-input-files.xcfilelist",
			);
			name = "[CP] Embed Pods Frameworks";
			outputFileListPaths = (
				"${PODS_ROOT}/Target Support Files/Pods-ManzilProject/Pods-ManzilProject-frameworks-${CONFIGURATION}-output-files.xcfilelist",
			);
			runOnlyForDeploymentPostprocessing = 0;
			shellPath = /bin/sh;
			shellScript = "\"${PODS_ROOT}/Target Support Files/Pods-ManzilProject/Pods-ManzilProject-frameworks.sh\"\n";
			showEnvVarsInLog = 0;
		};
		C269B8B9C6832854B4B4AEB4 /* [CP] Check Pods Manifest.lock */ = {
			isa = PBXShellScriptBuildPhase;
			buildActionMask = 2147483647;
			files = (
			);
			inputFileListPaths = (
			);
			inputPaths = (
				"${PODS_PODFILE_DIR_PATH}/Podfile.lock",
				"${PODS_ROOT}/Manifest.lock",
			);
			name = "[CP] Check Pods Manifest.lock";
			outputFileListPaths = (
			);
			outputPaths = (
				"$(DERIVED_FILE_DIR)/Pods-ManzilProject-checkManifestLockResult.txt",
			);
			runOnlyForDeploymentPostprocessing = 0;
			shellPath = /bin/sh;
			shellScript = "diff \"${PODS_PODFILE_DIR_PATH}/Podfile.lock\" \"${PODS_ROOT}/Manifest.lock\" > /dev/null\nif [ $? != 0 ] ; then\n    # print error to STDERR\n    echo \"error: The sandbox is not in sync with the Podfile.lock. Run 'pod install' or update your CocoaPods installation.\" >&2\n    exit 1\nfi\n# This output is used by Xcode 'outputs' to avoid re-running this script phase.\necho \"SUCCESS\" > \"${SCRIPT_OUTPUT_FILE_0}\"\n";
			showEnvVarsInLog = 0;
		};
/* End PBXShellScriptBuildPhase section */

/* Begin PBXSourcesBuildPhase section */
		0CC351DA29A7B0BF000F96CF /* Sources */ = {
			isa = PBXSourcesBuildPhase;
			buildActionMask = 2147483647;
			files = (
				2D4EC5C929AF5018001FAF36 /* FontModel.swift in Sources */,
				B9F35FB129A94468005F72ED /* SelectDestinationVC.swift in Sources */,
				B9F35FAA29A93684005F72ED /* DestinationTVC.swift in Sources */,
				B94BF1AC29ACFB6100903221 /* VehicleVC.swift in Sources */,
				B94BF1B429AD0BC000903221 /* InfoVC.swift in Sources */,
				0C59E1EC29AE5A49004BFA80 /* ChangeProfilVC.swift in Sources */,
				B9FF4BE829AE436200EA7EEC /* InfoTVC.swift in Sources */,
				B9FF4BEC29AE438700EA7EEC /* InfoCarTVC.swift in Sources */,
				B9FF4BF029AE439D00EA7EEC /* InfoSeatsTVC.swift in Sources */,
				0C59E1EB29AE5A49004BFA80 /* ProfilVC.swift in Sources */,
				0C59E1D829AE5A16004BFA80 /* ChooseRoleVC.swift in Sources */,
				0C59E1D929AE5A16004BFA80 /* ConfirmationVC.swift in Sources */,
				0C59E1EA29AE5A49004BFA80 /* SettingsVC.swift in Sources */,
				2D20018929B0669600F94655 /* DirecionsInfoVC.swift in Sources */,
				B9F35F9029A8756E005F72ED /* FirstVC.swift in Sources */,
				0C59E1F229AE5A49004BFA80 /* IconTitleIconButton.swift in Sources */,
				B9F35FAE29A93FE9005F72ED /* ManzilDM.swift in Sources */,
				0C59E1D729AE5A16004BFA80 /* LoginVC.swift in Sources */,
				0C59E1DA29AE5A16004BFA80 /* CreatPasswordVC.swift in Sources */,
				B9F35F9329A87827005F72ED /* Classes.swift in Sources */,
				2D4EC5C629AF4A78001FAF36 /* DIrectionsVC.swift in Sources */,
				2D5C206C29B0B63800FFCBC7 /* SeatCVC.swift in Sources */,
				0CC351E229A7B0BF000F96CF /* AppDelegate.swift in Sources */,
				2D5C206729B0AE4300FFCBC7 /* SeatsTVC.swift in Sources */,
				0C59E1E929AE5A49004BFA80 /* BookingVC.swift in Sources */,
				0C59E1D529AE5A16004BFA80 /* ForgetPasswordVC.swift in Sources */,
				0C59E1D629AE5A16004BFA80 /* RegistrationVC.swift in Sources */,
				B94BF1B029ACFD6000903221 /* VehicleTVC.swift in Sources */,
			);
			runOnlyForDeploymentPostprocessing = 0;
		};
/* End PBXSourcesBuildPhase section */

/* Begin PBXVariantGroup section */
		0CC351EC29A7B0C4000F96CF /* LaunchScreen.storyboard */ = {
			isa = PBXVariantGroup;
			children = (
				0CC351ED29A7B0C4000F96CF /* Base */,
			);
			name = LaunchScreen.storyboard;
			sourceTree = "<group>";
		};
/* End PBXVariantGroup section */

/* Begin XCBuildConfiguration section */
		0CC351F029A7B0C4000F96CF /* Debug */ = {
			isa = XCBuildConfiguration;
			buildSettings = {
				ALWAYS_SEARCH_USER_PATHS = NO;
				CLANG_ANALYZER_NONNULL = YES;
				CLANG_ANALYZER_NUMBER_OBJECT_CONVERSION = YES_AGGRESSIVE;
				CLANG_CXX_LANGUAGE_STANDARD = "gnu++20";
				CLANG_ENABLE_MODULES = YES;
				CLANG_ENABLE_OBJC_ARC = YES;
				CLANG_ENABLE_OBJC_WEAK = YES;
				CLANG_WARN_BLOCK_CAPTURE_AUTORELEASING = YES;
				CLANG_WARN_BOOL_CONVERSION = YES;
				CLANG_WARN_COMMA = YES;
				CLANG_WARN_CONSTANT_CONVERSION = YES;
				CLANG_WARN_DEPRECATED_OBJC_IMPLEMENTATIONS = YES;
				CLANG_WARN_DIRECT_OBJC_ISA_USAGE = YES_ERROR;
				CLANG_WARN_DOCUMENTATION_COMMENTS = YES;
				CLANG_WARN_EMPTY_BODY = YES;
				CLANG_WARN_ENUM_CONVERSION = YES;
				CLANG_WARN_INFINITE_RECURSION = YES;
				CLANG_WARN_INT_CONVERSION = YES;
				CLANG_WARN_NON_LITERAL_NULL_CONVERSION = YES;
				CLANG_WARN_OBJC_IMPLICIT_RETAIN_SELF = YES;
				CLANG_WARN_OBJC_LITERAL_CONVERSION = YES;
				CLANG_WARN_OBJC_ROOT_CLASS = YES_ERROR;
				CLANG_WARN_QUOTED_INCLUDE_IN_FRAMEWORK_HEADER = YES;
				CLANG_WARN_RANGE_LOOP_ANALYSIS = YES;
				CLANG_WARN_STRICT_PROTOTYPES = YES;
				CLANG_WARN_SUSPICIOUS_MOVE = YES;
				CLANG_WARN_UNGUARDED_AVAILABILITY = YES_AGGRESSIVE;
				CLANG_WARN_UNREACHABLE_CODE = YES;
				CLANG_WARN__DUPLICATE_METHOD_MATCH = YES;
				COPY_PHASE_STRIP = NO;
				DEBUG_INFORMATION_FORMAT = dwarf;
				ENABLE_STRICT_OBJC_MSGSEND = YES;
				ENABLE_TESTABILITY = YES;
				GCC_C_LANGUAGE_STANDARD = gnu11;
				GCC_DYNAMIC_NO_PIC = NO;
				GCC_NO_COMMON_BLOCKS = YES;
				GCC_OPTIMIZATION_LEVEL = 0;
				GCC_PREPROCESSOR_DEFINITIONS = (
					"DEBUG=1",
					"$(inherited)",
				);
				GCC_WARN_64_TO_32_BIT_CONVERSION = YES;
				GCC_WARN_ABOUT_RETURN_TYPE = YES_ERROR;
				GCC_WARN_UNDECLARED_SELECTOR = YES;
				GCC_WARN_UNINITIALIZED_AUTOS = YES_AGGRESSIVE;
				GCC_WARN_UNUSED_FUNCTION = YES;
				GCC_WARN_UNUSED_VARIABLE = YES;
				IPHONEOS_DEPLOYMENT_TARGET = 16.2;
				MTL_ENABLE_DEBUG_INFO = INCLUDE_SOURCE;
				MTL_FAST_MATH = YES;
				ONLY_ACTIVE_ARCH = YES;
				SDKROOT = iphoneos;
				SWIFT_ACTIVE_COMPILATION_CONDITIONS = DEBUG;
				SWIFT_OPTIMIZATION_LEVEL = "-Onone";
			};
			name = Debug;
		};
		0CC351F129A7B0C4000F96CF /* Release */ = {
			isa = XCBuildConfiguration;
			buildSettings = {
				ALWAYS_SEARCH_USER_PATHS = NO;
				CLANG_ANALYZER_NONNULL = YES;
				CLANG_ANALYZER_NUMBER_OBJECT_CONVERSION = YES_AGGRESSIVE;
				CLANG_CXX_LANGUAGE_STANDARD = "gnu++20";
				CLANG_ENABLE_MODULES = YES;
				CLANG_ENABLE_OBJC_ARC = YES;
				CLANG_ENABLE_OBJC_WEAK = YES;
				CLANG_WARN_BLOCK_CAPTURE_AUTORELEASING = YES;
				CLANG_WARN_BOOL_CONVERSION = YES;
				CLANG_WARN_COMMA = YES;
				CLANG_WARN_CONSTANT_CONVERSION = YES;
				CLANG_WARN_DEPRECATED_OBJC_IMPLEMENTATIONS = YES;
				CLANG_WARN_DIRECT_OBJC_ISA_USAGE = YES_ERROR;
				CLANG_WARN_DOCUMENTATION_COMMENTS = YES;
				CLANG_WARN_EMPTY_BODY = YES;
				CLANG_WARN_ENUM_CONVERSION = YES;
				CLANG_WARN_INFINITE_RECURSION = YES;
				CLANG_WARN_INT_CONVERSION = YES;
				CLANG_WARN_NON_LITERAL_NULL_CONVERSION = YES;
				CLANG_WARN_OBJC_IMPLICIT_RETAIN_SELF = YES;
				CLANG_WARN_OBJC_LITERAL_CONVERSION = YES;
				CLANG_WARN_OBJC_ROOT_CLASS = YES_ERROR;
				CLANG_WARN_QUOTED_INCLUDE_IN_FRAMEWORK_HEADER = YES;
				CLANG_WARN_RANGE_LOOP_ANALYSIS = YES;
				CLANG_WARN_STRICT_PROTOTYPES = YES;
				CLANG_WARN_SUSPICIOUS_MOVE = YES;
				CLANG_WARN_UNGUARDED_AVAILABILITY = YES_AGGRESSIVE;
				CLANG_WARN_UNREACHABLE_CODE = YES;
				CLANG_WARN__DUPLICATE_METHOD_MATCH = YES;
				COPY_PHASE_STRIP = NO;
				DEBUG_INFORMATION_FORMAT = "dwarf-with-dsym";
				ENABLE_NS_ASSERTIONS = NO;
				ENABLE_STRICT_OBJC_MSGSEND = YES;
				GCC_C_LANGUAGE_STANDARD = gnu11;
				GCC_NO_COMMON_BLOCKS = YES;
				GCC_WARN_64_TO_32_BIT_CONVERSION = YES;
				GCC_WARN_ABOUT_RETURN_TYPE = YES_ERROR;
				GCC_WARN_UNDECLARED_SELECTOR = YES;
				GCC_WARN_UNINITIALIZED_AUTOS = YES_AGGRESSIVE;
				GCC_WARN_UNUSED_FUNCTION = YES;
				GCC_WARN_UNUSED_VARIABLE = YES;
				IPHONEOS_DEPLOYMENT_TARGET = 16.2;
				MTL_ENABLE_DEBUG_INFO = NO;
				MTL_FAST_MATH = YES;
				SDKROOT = iphoneos;
				SWIFT_COMPILATION_MODE = wholemodule;
				SWIFT_OPTIMIZATION_LEVEL = "-O";
				VALIDATE_PRODUCT = YES;
			};
			name = Release;
		};
		0CC351F329A7B0C4000F96CF /* Debug */ = {
			isa = XCBuildConfiguration;
			baseConfigurationReference = 51D5F5180D27946373A80FA6 /* Pods-ManzilProject.debug.xcconfig */;
			buildSettings = {
				ASSETCATALOG_COMPILER_APPICON_NAME = AppIcon;
				ASSETCATALOG_COMPILER_GLOBAL_ACCENT_COLOR_NAME = AccentColor;
				CODE_SIGN_STYLE = Automatic;
				CURRENT_PROJECT_VERSION = 1;
				DEVELOPMENT_TEAM = UC4FFG6ZAP;
				GENERATE_INFOPLIST_FILE = YES;
				INFOPLIST_FILE = ManzilProject/Info.plist;
				INFOPLIST_KEY_UIApplicationSupportsIndirectInputEvents = YES;
				INFOPLIST_KEY_UILaunchStoryboardName = LaunchScreen;
				INFOPLIST_KEY_UIMainStoryboardFile = "";
				INFOPLIST_KEY_UISupportedInterfaceOrientations_iPad = "UIInterfaceOrientationPortrait UIInterfaceOrientationPortraitUpsideDown UIInterfaceOrientationLandscapeLeft UIInterfaceOrientationLandscapeRight";
				INFOPLIST_KEY_UISupportedInterfaceOrientations_iPhone = "UIInterfaceOrientationPortrait UIInterfaceOrientationLandscapeLeft UIInterfaceOrientationLandscapeRight";
				LD_RUNPATH_SEARCH_PATHS = (
					"$(inherited)",
					"@executable_path/Frameworks",
				);
				MARKETING_VERSION = 1.0;
				PRODUCT_BUNDLE_IDENTIFIER = RGN.ManzilProject;
				PRODUCT_NAME = "$(TARGET_NAME)";
				SWIFT_EMIT_LOC_STRINGS = YES;
				SWIFT_VERSION = 5.0;
				TARGETED_DEVICE_FAMILY = "1,2";
			};
			name = Debug;
		};
		0CC351F429A7B0C4000F96CF /* Release */ = {
			isa = XCBuildConfiguration;
			baseConfigurationReference = C6B8228D6FDD722DD68B9608 /* Pods-ManzilProject.release.xcconfig */;
			buildSettings = {
				ASSETCATALOG_COMPILER_APPICON_NAME = AppIcon;
				ASSETCATALOG_COMPILER_GLOBAL_ACCENT_COLOR_NAME = AccentColor;
				CODE_SIGN_STYLE = Automatic;
				CURRENT_PROJECT_VERSION = 1;
				DEVELOPMENT_TEAM = UC4FFG6ZAP;
				GENERATE_INFOPLIST_FILE = YES;
				INFOPLIST_FILE = ManzilProject/Info.plist;
				INFOPLIST_KEY_UIApplicationSupportsIndirectInputEvents = YES;
				INFOPLIST_KEY_UILaunchStoryboardName = LaunchScreen;
				INFOPLIST_KEY_UIMainStoryboardFile = "";
				INFOPLIST_KEY_UISupportedInterfaceOrientations_iPad = "UIInterfaceOrientationPortrait UIInterfaceOrientationPortraitUpsideDown UIInterfaceOrientationLandscapeLeft UIInterfaceOrientationLandscapeRight";
				INFOPLIST_KEY_UISupportedInterfaceOrientations_iPhone = "UIInterfaceOrientationPortrait UIInterfaceOrientationLandscapeLeft UIInterfaceOrientationLandscapeRight";
				LD_RUNPATH_SEARCH_PATHS = (
					"$(inherited)",
					"@executable_path/Frameworks",
				);
				MARKETING_VERSION = 1.0;
				PRODUCT_BUNDLE_IDENTIFIER = RGN.ManzilProject;
				PRODUCT_NAME = "$(TARGET_NAME)";
				SWIFT_EMIT_LOC_STRINGS = YES;
				SWIFT_VERSION = 5.0;
				TARGETED_DEVICE_FAMILY = "1,2";
			};
			name = Release;
		};
/* End XCBuildConfiguration section */

/* Begin XCConfigurationList section */
		0CC351D929A7B0BF000F96CF /* Build configuration list for PBXProject "ManzilProject" */ = {
			isa = XCConfigurationList;
			buildConfigurations = (
				0CC351F029A7B0C4000F96CF /* Debug */,
				0CC351F129A7B0C4000F96CF /* Release */,
			);
			defaultConfigurationIsVisible = 0;
			defaultConfigurationName = Release;
		};
		0CC351F229A7B0C4000F96CF /* Build configuration list for PBXNativeTarget "ManzilProject" */ = {
			isa = XCConfigurationList;
			buildConfigurations = (
				0CC351F329A7B0C4000F96CF /* Debug */,
				0CC351F429A7B0C4000F96CF /* Release */,
			);
			defaultConfigurationIsVisible = 0;
			defaultConfigurationName = Release;
		};
/* End XCConfigurationList section */
	};
	rootObject = 0CC351D629A7B0BF000F96CF /* Project object */;
}
